
Microsoft Visual Studio Solution File, Format Version 12.00
# Visual Studio 14
VisualStudioVersion = 14.0.25420.1
MinimumVisualStudioVersion = 10.0.40219.1
Project("{FAE04EC0-301F-11D3-BF4B-00C04F79EFBC}") = "MockingFileSystem", "MockingFileSystem\MockingFileSystem.csproj", "{14F1EF01-FE3E-49DF-B1D4-46BD4CC5DAA4}"
EndProject
Project("{FAE04EC0-301F-11D3-BF4B-00C04F79EFBC}") = "ConsoleApp", "ConsoleApp\ConsoleApp.csproj", "{79D4FF85-93AD-4287-AB55-BEF47E8DEC59}"
EndProject
Project("{FAE04EC0-301F-11D3-BF4B-00C04F79EFBC}") = "MockingFileSystemTests", "MockingFileSystemTests\MockingFileSystemTests.csproj", "{0C413099-5F99-4F49-99DC-04A8FE1F673D}"
EndProject
Global
	GlobalSection(SolutionConfigurationPlatforms) = preSolution
		Debug|Any CPU = Debug|Any CPU
		Release|Any CPU = Release|Any CPU
	EndGlobalSection
	GlobalSection(ProjectConfigurationPlatforms) = postSolution
		{14F1EF01-FE3E-49DF-B1D4-46BD4CC5DAA4}.Debug|Any CPU.ActiveCfg = Debug|Any CPU
		{14F1EF01-FE3E-49DF-B1D4-46BD4CC5DAA4}.Debug|Any CPU.Build.0 = Debug|Any CPU
		{14F1EF01-FE3E-49DF-B1D4-46BD4CC5DAA4}.Release|Any CPU.ActiveCfg = Release|Any CPU
		{14F1EF01-FE3E-49DF-B1D4-46BD4CC5DAA4}.Release|Any CPU.Build.0 = Release|Any CPU
		{79D4FF85-93AD-4287-AB55-BEF47E8DEC59}.Debug|Any CPU.ActiveCfg = Debug|Any CPU
		{79D4FF85-93AD-4287-AB55-BEF47E8DEC59}.Debug|Any CPU.Build.0 = Debug|Any CPU
		{79D4FF85-93AD-4287-AB55-BEF47E8DEC59}.Release|Any CPU.ActiveCfg = Release|Any CPU
		{79D4FF85-93AD-4287-AB55-BEF47E8DEC59}.Release|Any CPU.Build.0 = Release|Any CPU
		{0C413099-5F99-4F49-99DC-04A8FE1F673D}.Debug|Any CPU.ActiveCfg = Debug|Any CPU
		{0C413099-5F99-4F49-99DC-04A8FE1F673D}.Debug|Any CPU.Build.0 = Debug|Any CPU
		{0C413099-5F99-4F49-99DC-04A8FE1F673D}.Release|Any CPU.ActiveCfg = Release|Any CPU
		{0C413099-5F99-4F49-99DC-04A8FE1F673D}.Release|Any CPU.Build.0 = Release|Any CPU
	EndGlobalSection
	GlobalSection(SolutionProperties) = preSolution
		HideSolutionNode = FALSE
	EndGlobalSection
EndGlobal
